
Microsoft Visual Studio Solution File, Format Version 12.00
# Visual Studio Version 17
VisualStudioVersion = 17.11.35312.102
MinimumVisualStudioVersion = 10.0.40219.1
Project("{FAE04EC0-301F-11D3-BF4B-00C04F79EFBC}") = "SlimsArmory", "SlimsArmory\SlimsArmory.csproj", "{1F57D1FF-80F0-45B6-A653-1329DD047CA7}"
EndProject
Project("{FAE04EC0-301F-11D3-BF4B-00C04F79EFBC}") = "RaCLib", "RaCLib\RaCLib.csproj", "{5F6A3C4A-0CF3-4F4D-9F3E-B97536FE3BC6}"
EndProject
Global
	GlobalSection(SolutionConfigurationPlatforms) = preSolution
		Debug|Any CPU = Debug|Any CPU
		Release|Any CPU = Release|Any CPU
	EndGlobalSection
	GlobalSection(ProjectConfigurationPlatforms) = postSolution
		{1F57D1FF-80F0-45B6-A653-1329DD047CA7}.Debug|Any CPU.ActiveCfg = Debug|Any CPU
		{1F57D1FF-80F0-45B6-A653-1329DD047CA7}.Debug|Any CPU.Build.0 = Debug|Any CPU
		{1F57D1FF-80F0-45B6-A653-1329DD047CA7}.Release|Any CPU.ActiveCfg = Release|Any CPU
		{1F57D1FF-80F0-45B6-A653-1329DD047CA7}.Release|Any CPU.Build.0 = Release|Any CPU
		{5F6A3C4A-0CF3-4F4D-9F3E-B97536FE3BC6}.Debug|Any CPU.ActiveCfg = Debug|Any CPU
		{5F6A3C4A-0CF3-4F4D-9F3E-B97536FE3BC6}.Debug|Any CPU.Build.0 = Debug|Any CPU
		{5F6A3C4A-0CF3-4F4D-9F3E-B97536FE3BC6}.Release|Any CPU.ActiveCfg = Release|Any CPU
		{5F6A3C4A-0CF3-4F4D-9F3E-B97536FE3BC6}.Release|Any CPU.Build.0 = Release|Any CPU
	EndGlobalSection
	GlobalSection(SolutionProperties) = preSolution
		HideSolutionNode = FALSE
	EndGlobalSection
	GlobalSection(ExtensibilityGlobals) = postSolution
		SolutionGuid = {DBCB4ADE-4DFB-4600-84E3-40EB6C27FD5B}
	EndGlobalSection
EndGlobal
